
Microsoft Visual Studio Solution File, Format Version 12.00
Project("{FAE04EC0-301F-11D3-BF4B-00C04F79EFBC}") = "Ciphers.Tests", "Ciphers.Tests\Ciphers.Tests.csproj", "{5A67A03D-395D-4C4D-9556-A5CBF2E97CC6}"
EndProject
Project("{FAE04EC0-301F-11D3-BF4B-00C04F79EFBC}") = "Ciphers", "Ciphers\Ciphers.csproj", "{741C30F8-8BE7-4C9F-96A8-066152E05EC9}"
EndProject
Global
	GlobalSection(SolutionConfigurationPlatforms) = preSolution
		Debug|Any CPU = Debug|Any CPU
		Release|Any CPU = Release|Any CPU
	EndGlobalSection
	GlobalSection(ProjectConfigurationPlatforms) = postSolution
		{5A67A03D-395D-4C4D-9556-A5CBF2E97CC6}.Debug|Any CPU.ActiveCfg = Debug|Any CPU
		{5A67A03D-395D-4C4D-9556-A5CBF2E97CC6}.Debug|Any CPU.Build.0 = Debug|Any CPU
		{5A67A03D-395D-4C4D-9556-A5CBF2E97CC6}.Release|Any CPU.ActiveCfg = Release|Any CPU
		{5A67A03D-395D-4C4D-9556-A5CBF2E97CC6}.Release|Any CPU.Build.0 = Release|Any CPU
		{741C30F8-8BE7-4C9F-96A8-066152E05EC9}.Debug|Any CPU.ActiveCfg = Debug|Any CPU
		{741C30F8-8BE7-4C9F-96A8-066152E05EC9}.Debug|Any CPU.Build.0 = Debug|Any CPU
		{741C30F8-8BE7-4C9F-96A8-066152E05EC9}.Release|Any CPU.ActiveCfg = Release|Any CPU
		{741C30F8-8BE7-4C9F-96A8-066152E05EC9}.Release|Any CPU.Build.0 = Release|Any CPU
	EndGlobalSection
EndGlobal
